
Microsoft Visual Studio Solution File, Format Version 12.00
# Visual Studio 15
VisualStudioVersion = 15.0.27130.2027
MinimumVisualStudioVersion = 10.0.40219.1
Project("{FAE04EC0-301F-11D3-BF4B-00C04F79EFBC}") = "BabyShop", "BabyShop\BabyShop.csproj", "{C54BE02E-635F-4805-A6AD-FE334EF75027}"
EndProject
Project("{FAE04EC0-301F-11D3-BF4B-00C04F79EFBC}") = "BabyShop.ViewModel", "BabyShop.ViewModel\BabyShop.ViewModel.csproj", "{B2E50DAF-6480-48B3-BA9B-8E1184DFD274}"
EndProject
Project("{FAE04EC0-301F-11D3-BF4B-00C04F79EFBC}") = "BabyShop.DTO", "BabyShop.DTO\BabyShop.DTO.csproj", "{5171F51A-C190-4161-B209-598447EF0DD0}"
EndProject
Project("{FAE04EC0-301F-11D3-BF4B-00C04F79EFBC}") = "BabyShop.Servicos", "BabyShop.Servicos\BabyShop.Servicos.csproj", "{430DA6EF-37D0-4D5A-A887-0125106654C5}"
EndProject
Global
	GlobalSection(SolutionConfigurationPlatforms) = preSolution
		Debug|Any CPU = Debug|Any CPU
		Release|Any CPU = Release|Any CPU
	EndGlobalSection
	GlobalSection(ProjectConfigurationPlatforms) = postSolution
		{C54BE02E-635F-4805-A6AD-FE334EF75027}.Debug|Any CPU.ActiveCfg = Debug|Any CPU
		{C54BE02E-635F-4805-A6AD-FE334EF75027}.Debug|Any CPU.Build.0 = Debug|Any CPU
		{C54BE02E-635F-4805-A6AD-FE334EF75027}.Debug|Any CPU.Deploy.0 = Debug|Any CPU
		{C54BE02E-635F-4805-A6AD-FE334EF75027}.Release|Any CPU.ActiveCfg = Release|Any CPU
		{C54BE02E-635F-4805-A6AD-FE334EF75027}.Release|Any CPU.Build.0 = Release|Any CPU
		{C54BE02E-635F-4805-A6AD-FE334EF75027}.Release|Any CPU.Deploy.0 = Release|Any CPU
		{B2E50DAF-6480-48B3-BA9B-8E1184DFD274}.Debug|Any CPU.ActiveCfg = Debug|Any CPU
		{B2E50DAF-6480-48B3-BA9B-8E1184DFD274}.Debug|Any CPU.Build.0 = Debug|Any CPU
		{B2E50DAF-6480-48B3-BA9B-8E1184DFD274}.Release|Any CPU.ActiveCfg = Release|Any CPU
		{B2E50DAF-6480-48B3-BA9B-8E1184DFD274}.Release|Any CPU.Build.0 = Release|Any CPU
		{5171F51A-C190-4161-B209-598447EF0DD0}.Debug|Any CPU.ActiveCfg = Debug|Any CPU
		{5171F51A-C190-4161-B209-598447EF0DD0}.Debug|Any CPU.Build.0 = Debug|Any CPU
		{5171F51A-C190-4161-B209-598447EF0DD0}.Release|Any CPU.ActiveCfg = Release|Any CPU
		{5171F51A-C190-4161-B209-598447EF0DD0}.Release|Any CPU.Build.0 = Release|Any CPU
		{430DA6EF-37D0-4D5A-A887-0125106654C5}.Debug|Any CPU.ActiveCfg = Debug|Any CPU
		{430DA6EF-37D0-4D5A-A887-0125106654C5}.Debug|Any CPU.Build.0 = Debug|Any CPU
		{430DA6EF-37D0-4D5A-A887-0125106654C5}.Release|Any CPU.ActiveCfg = Release|Any CPU
		{430DA6EF-37D0-4D5A-A887-0125106654C5}.Release|Any CPU.Build.0 = Release|Any CPU
	EndGlobalSection
	GlobalSection(SolutionProperties) = preSolution
		HideSolutionNode = FALSE
	EndGlobalSection
	GlobalSection(ExtensibilityGlobals) = postSolution
		SolutionGuid = {5020B2FB-5369-4C25-821C-F0D600E176D6}
	EndGlobalSection
EndGlobal
